
Microsoft Visual Studio Solution File, Format Version 12.00
# Visual Studio 15
VisualStudioVersion = 15.0.27130.2036
MinimumVisualStudioVersion = 10.0.40219.1
Project("{9A19103F-16F7-4668-BE54-9A1E7A4F7556}") = "NeoVM.Interop", "interop\NeoVM.Interop\NeoVM.Interop.csproj", "{700DA9D9-92F6-4B9D-9C25-F8D7F59F3DD7}"
	ProjectSection(ProjectDependencies) = postProject
		{DEFBCE64-AD40-4A45-8A3C-415F9466EEA2} = {DEFBCE64-AD40-4A45-8A3C-415F9466EEA2}
	EndProjectSection
EndProject
Project("{9A19103F-16F7-4668-BE54-9A1E7A4F7556}") = "NeoVM.Interop.Tests", "tests\NeoVM.Interop.Tests\NeoVM.Interop.Tests.csproj", "{D3A0AE0D-E4B6-4246-AA6B-D87967CC467D}"
EndProject
Project("{8BC9CEB8-8B4A-11D0-8D11-00A0C91BC942}") = "NeoVM", "src\NeoVM\NeoVM.vcxproj", "{DEFBCE64-AD40-4A45-8A3C-415F9466EEA2}"
EndProject
Project("{9A19103F-16F7-4668-BE54-9A1E7A4F7556}") = "NeoSharp.VM", "..\neo-sharp\src\NeoSharp.VM\NeoSharp.VM.csproj", "{EB069A1C-A8E8-4861-9020-10799A79DE16}"
EndProject
Global
	GlobalSection(SolutionConfigurationPlatforms) = preSolution
		Debug|Any CPU = Debug|Any CPU
		Debug|x64 = Debug|x64
		Debug|x86 = Debug|x86
		Release|Any CPU = Release|Any CPU
		Release|x64 = Release|x64
		Release|x86 = Release|x86
	EndGlobalSection
	GlobalSection(ProjectConfigurationPlatforms) = postSolution
		{700DA9D9-92F6-4B9D-9C25-F8D7F59F3DD7}.Debug|Any CPU.ActiveCfg = Debug|Any CPU
		{700DA9D9-92F6-4B9D-9C25-F8D7F59F3DD7}.Debug|Any CPU.Build.0 = Debug|Any CPU
		{700DA9D9-92F6-4B9D-9C25-F8D7F59F3DD7}.Debug|x64.ActiveCfg = Debug|Any CPU
		{700DA9D9-92F6-4B9D-9C25-F8D7F59F3DD7}.Debug|x64.Build.0 = Debug|Any CPU
		{700DA9D9-92F6-4B9D-9C25-F8D7F59F3DD7}.Debug|x86.ActiveCfg = Debug|Any CPU
		{700DA9D9-92F6-4B9D-9C25-F8D7F59F3DD7}.Debug|x86.Build.0 = Debug|Any CPU
		{700DA9D9-92F6-4B9D-9C25-F8D7F59F3DD7}.Release|Any CPU.ActiveCfg = Release|Any CPU
		{700DA9D9-92F6-4B9D-9C25-F8D7F59F3DD7}.Release|Any CPU.Build.0 = Release|Any CPU
		{700DA9D9-92F6-4B9D-9C25-F8D7F59F3DD7}.Release|x64.ActiveCfg = Release|Any CPU
		{700DA9D9-92F6-4B9D-9C25-F8D7F59F3DD7}.Release|x64.Build.0 = Release|Any CPU
		{700DA9D9-92F6-4B9D-9C25-F8D7F59F3DD7}.Release|x86.ActiveCfg = Release|Any CPU
		{700DA9D9-92F6-4B9D-9C25-F8D7F59F3DD7}.Release|x86.Build.0 = Release|Any CPU
		{D3A0AE0D-E4B6-4246-AA6B-D87967CC467D}.Debug|Any CPU.ActiveCfg = Debug|Any CPU
		{D3A0AE0D-E4B6-4246-AA6B-D87967CC467D}.Debug|Any CPU.Build.0 = Debug|Any CPU
		{D3A0AE0D-E4B6-4246-AA6B-D87967CC467D}.Debug|x64.ActiveCfg = Debug|Any CPU
		{D3A0AE0D-E4B6-4246-AA6B-D87967CC467D}.Debug|x64.Build.0 = Debug|Any CPU
		{D3A0AE0D-E4B6-4246-AA6B-D87967CC467D}.Debug|x86.ActiveCfg = Debug|Any CPU
		{D3A0AE0D-E4B6-4246-AA6B-D87967CC467D}.Debug|x86.Build.0 = Debug|Any CPU
		{D3A0AE0D-E4B6-4246-AA6B-D87967CC467D}.Release|Any CPU.ActiveCfg = Release|Any CPU
		{D3A0AE0D-E4B6-4246-AA6B-D87967CC467D}.Release|Any CPU.Build.0 = Release|Any CPU
		{D3A0AE0D-E4B6-4246-AA6B-D87967CC467D}.Release|x64.ActiveCfg = Release|Any CPU
		{D3A0AE0D-E4B6-4246-AA6B-D87967CC467D}.Release|x64.Build.0 = Release|Any CPU
		{D3A0AE0D-E4B6-4246-AA6B-D87967CC467D}.Release|x86.ActiveCfg = Release|Any CPU
		{D3A0AE0D-E4B6-4246-AA6B-D87967CC467D}.Release|x86.Build.0 = Release|Any CPU
		{DEFBCE64-AD40-4A45-8A3C-415F9466EEA2}.Debug|Any CPU.ActiveCfg = Debug|Win32
		{DEFBCE64-AD40-4A45-8A3C-415F9466EEA2}.Debug|Any CPU.Build.0 = Debug|Win32
		{DEFBCE64-AD40-4A45-8A3C-415F9466EEA2}.Debug|x64.ActiveCfg = Debug|x64
		{DEFBCE64-AD40-4A45-8A3C-415F9466EEA2}.Debug|x64.Build.0 = Debug|x64
		{DEFBCE64-AD40-4A45-8A3C-415F9466EEA2}.Debug|x86.ActiveCfg = Debug|Win32
		{DEFBCE64-AD40-4A45-8A3C-415F9466EEA2}.Debug|x86.Build.0 = Debug|Win32
		{DEFBCE64-AD40-4A45-8A3C-415F9466EEA2}.Release|Any CPU.ActiveCfg = Release|Win32
		{DEFBCE64-AD40-4A45-8A3C-415F9466EEA2}.Release|x64.ActiveCfg = Release|x64
		{DEFBCE64-AD40-4A45-8A3C-415F9466EEA2}.Release|x64.Build.0 = Release|x64
		{DEFBCE64-AD40-4A45-8A3C-415F9466EEA2}.Release|x86.ActiveCfg = Release|Win32
		{DEFBCE64-AD40-4A45-8A3C-415F9466EEA2}.Release|x86.Build.0 = Release|Win32
		{EB069A1C-A8E8-4861-9020-10799A79DE16}.Debug|Any CPU.ActiveCfg = Debug|Any CPU
		{EB069A1C-A8E8-4861-9020-10799A79DE16}.Debug|Any CPU.Build.0 = Debug|Any CPU
		{EB069A1C-A8E8-4861-9020-10799A79DE16}.Debug|x64.ActiveCfg = Debug|Any CPU
		{EB069A1C-A8E8-4861-9020-10799A79DE16}.Debug|x64.Build.0 = Debug|Any CPU
		{EB069A1C-A8E8-4861-9020-10799A79DE16}.Debug|x86.ActiveCfg = Debug|Any CPU
		{EB069A1C-A8E8-4861-9020-10799A79DE16}.Debug|x86.Build.0 = Debug|Any CPU
		{EB069A1C-A8E8-4861-9020-10799A79DE16}.Release|Any CPU.ActiveCfg = Release|Any CPU
		{EB069A1C-A8E8-4861-9020-10799A79DE16}.Release|Any CPU.Build.0 = Release|Any CPU
		{EB069A1C-A8E8-4861-9020-10799A79DE16}.Release|x64.ActiveCfg = Release|Any CPU
		{EB069A1C-A8E8-4861-9020-10799A79DE16}.Release|x64.Build.0 = Release|Any CPU
		{EB069A1C-A8E8-4861-9020-10799A79DE16}.Release|x86.ActiveCfg = Release|Any CPU
		{EB069A1C-A8E8-4861-9020-10799A79DE16}.Release|x86.Build.0 = Release|Any CPU
	EndGlobalSection
	GlobalSection(SolutionProperties) = preSolution
		HideSolutionNode = FALSE
	EndGlobalSection
	GlobalSection(ExtensibilityGlobals) = postSolution
		SolutionGuid = {00BDF143-C55E-4F7F-88A3-1E9495362685}
	EndGlobalSection
EndGlobal
