
Microsoft Visual Studio Solution File, Format Version 12.00
# Visual Studio 15
VisualStudioVersion = 15.0.27130.2036
MinimumVisualStudioVersion = 10.0.40219.1
Project("{9A19103F-16F7-4668-BE54-9A1E7A4F7556}") = "NeoSharp.VM.Interop.Tests", "tests\NeoSharp.VM.Interop.Tests\NeoSharp.VM.Interop.Tests.csproj", "{D3A0AE0D-E4B6-4246-AA6B-D87967CC467D}"
EndProject
Project("{8BC9CEB8-8B4A-11D0-8D11-00A0C91BC942}") = "NeoVM", "src\NeoVM\NeoVM.vcxproj", "{DEFBCE64-AD40-4A45-8A3C-415F9466EEA2}"
EndProject
Project("{2150E333-8FDC-42A3-9474-1A3956D46DE8}") = "tests", "tests", "{F7B78C35-3D43-481D-9217-66EAFE31625A}"
EndProject
Project("{2150E333-8FDC-42A3-9474-1A3956D46DE8}") = "src", "src", "{90C7CC41-E288-422F-A85B-0FD052EB3E70}"
EndProject
Project("{2150E333-8FDC-42A3-9474-1A3956D46DE8}") = "interop", "interop", "{5AD890CA-913A-4F78-9BAD-524C2D0BAA9B}"
EndProject
Project("{9A19103F-16F7-4668-BE54-9A1E7A4F7556}") = "NeoSharp.VM.Interop", "interop\NeoSharp.VM.Interop\NeoSharp.VM.Interop.csproj", "{D6AC0999-4908-4E6A-B8D9-1F7FCE83C1F7}"
EndProject
Project("{9A19103F-16F7-4668-BE54-9A1E7A4F7556}") = "NeoSharp.VM", "modules\neo-sharp\src\NeoSharp.VM\NeoSharp.VM.csproj", "{74089D3F-0199-4C7E-B866-A6CC89F649D7}"
EndProject
Project("{2150E333-8FDC-42A3-9474-1A3956D46DE8}") = "modules", "modules", "{82403937-ABBB-45CB-B8CF-3AF45A8EFFC2}"
EndProject
Global
	GlobalSection(SolutionConfigurationPlatforms) = preSolution
		Debug|ARM = Debug|ARM
		Debug|x64 = Debug|x64
		Debug|x86 = Debug|x86
		Release|ARM = Release|ARM
		Release|x64 = Release|x64
		Release|x86 = Release|x86
	EndGlobalSection
	GlobalSection(ProjectConfigurationPlatforms) = postSolution
		{D3A0AE0D-E4B6-4246-AA6B-D87967CC467D}.Debug|ARM.ActiveCfg = Debug|Any CPU
		{D3A0AE0D-E4B6-4246-AA6B-D87967CC467D}.Debug|ARM.Build.0 = Debug|Any CPU
		{D3A0AE0D-E4B6-4246-AA6B-D87967CC467D}.Debug|x64.ActiveCfg = Debug|Any CPU
		{D3A0AE0D-E4B6-4246-AA6B-D87967CC467D}.Debug|x64.Build.0 = Debug|Any CPU
		{D3A0AE0D-E4B6-4246-AA6B-D87967CC467D}.Debug|x86.ActiveCfg = Debug|Any CPU
		{D3A0AE0D-E4B6-4246-AA6B-D87967CC467D}.Debug|x86.Build.0 = Debug|Any CPU
		{D3A0AE0D-E4B6-4246-AA6B-D87967CC467D}.Release|ARM.ActiveCfg = Release|Any CPU
		{D3A0AE0D-E4B6-4246-AA6B-D87967CC467D}.Release|ARM.Build.0 = Release|Any CPU
		{D3A0AE0D-E4B6-4246-AA6B-D87967CC467D}.Release|x64.ActiveCfg = Release|Any CPU
		{D3A0AE0D-E4B6-4246-AA6B-D87967CC467D}.Release|x64.Build.0 = Release|Any CPU
		{D3A0AE0D-E4B6-4246-AA6B-D87967CC467D}.Release|x86.ActiveCfg = Release|Any CPU
		{D3A0AE0D-E4B6-4246-AA6B-D87967CC467D}.Release|x86.Build.0 = Release|Any CPU
		{DEFBCE64-AD40-4A45-8A3C-415F9466EEA2}.Debug|ARM.ActiveCfg = Debug|Win32
		{DEFBCE64-AD40-4A45-8A3C-415F9466EEA2}.Debug|ARM.Build.0 = Debug|Win32
		{DEFBCE64-AD40-4A45-8A3C-415F9466EEA2}.Debug|x64.ActiveCfg = Debug|x64
		{DEFBCE64-AD40-4A45-8A3C-415F9466EEA2}.Debug|x64.Build.0 = Debug|x64
		{DEFBCE64-AD40-4A45-8A3C-415F9466EEA2}.Debug|x86.ActiveCfg = Debug|Win32
		{DEFBCE64-AD40-4A45-8A3C-415F9466EEA2}.Debug|x86.Build.0 = Debug|Win32
		{DEFBCE64-AD40-4A45-8A3C-415F9466EEA2}.Release|ARM.ActiveCfg = Release|Win32
		{DEFBCE64-AD40-4A45-8A3C-415F9466EEA2}.Release|x64.ActiveCfg = Release|x64
		{DEFBCE64-AD40-4A45-8A3C-415F9466EEA2}.Release|x64.Build.0 = Release|x64
		{DEFBCE64-AD40-4A45-8A3C-415F9466EEA2}.Release|x86.ActiveCfg = Release|Win32
		{DEFBCE64-AD40-4A45-8A3C-415F9466EEA2}.Release|x86.Build.0 = Release|Win32
		{D6AC0999-4908-4E6A-B8D9-1F7FCE83C1F7}.Debug|ARM.ActiveCfg = Debug|Any CPU
		{D6AC0999-4908-4E6A-B8D9-1F7FCE83C1F7}.Debug|ARM.Build.0 = Debug|Any CPU
		{D6AC0999-4908-4E6A-B8D9-1F7FCE83C1F7}.Debug|x64.ActiveCfg = Debug|Any CPU
		{D6AC0999-4908-4E6A-B8D9-1F7FCE83C1F7}.Debug|x64.Build.0 = Debug|Any CPU
		{D6AC0999-4908-4E6A-B8D9-1F7FCE83C1F7}.Debug|x86.ActiveCfg = Debug|Any CPU
		{D6AC0999-4908-4E6A-B8D9-1F7FCE83C1F7}.Debug|x86.Build.0 = Debug|Any CPU
		{D6AC0999-4908-4E6A-B8D9-1F7FCE83C1F7}.Release|ARM.ActiveCfg = Release|Any CPU
		{D6AC0999-4908-4E6A-B8D9-1F7FCE83C1F7}.Release|ARM.Build.0 = Release|Any CPU
		{D6AC0999-4908-4E6A-B8D9-1F7FCE83C1F7}.Release|x64.ActiveCfg = Release|Any CPU
		{D6AC0999-4908-4E6A-B8D9-1F7FCE83C1F7}.Release|x64.Build.0 = Release|Any CPU
		{D6AC0999-4908-4E6A-B8D9-1F7FCE83C1F7}.Release|x86.ActiveCfg = Release|Any CPU
		{D6AC0999-4908-4E6A-B8D9-1F7FCE83C1F7}.Release|x86.Build.0 = Release|Any CPU
		{74089D3F-0199-4C7E-B866-A6CC89F649D7}.Debug|ARM.ActiveCfg = Debug|Any CPU
		{74089D3F-0199-4C7E-B866-A6CC89F649D7}.Debug|ARM.Build.0 = Debug|Any CPU
		{74089D3F-0199-4C7E-B866-A6CC89F649D7}.Debug|x64.ActiveCfg = Debug|Any CPU
		{74089D3F-0199-4C7E-B866-A6CC89F649D7}.Debug|x64.Build.0 = Debug|Any CPU
		{74089D3F-0199-4C7E-B866-A6CC89F649D7}.Debug|x86.ActiveCfg = Debug|Any CPU
		{74089D3F-0199-4C7E-B866-A6CC89F649D7}.Debug|x86.Build.0 = Debug|Any CPU
		{74089D3F-0199-4C7E-B866-A6CC89F649D7}.Release|ARM.ActiveCfg = Release|Any CPU
		{74089D3F-0199-4C7E-B866-A6CC89F649D7}.Release|ARM.Build.0 = Release|Any CPU
		{74089D3F-0199-4C7E-B866-A6CC89F649D7}.Release|x64.ActiveCfg = Release|Any CPU
		{74089D3F-0199-4C7E-B866-A6CC89F649D7}.Release|x64.Build.0 = Release|Any CPU
		{74089D3F-0199-4C7E-B866-A6CC89F649D7}.Release|x86.ActiveCfg = Release|Any CPU
		{74089D3F-0199-4C7E-B866-A6CC89F649D7}.Release|x86.Build.0 = Release|Any CPU
	EndGlobalSection
	GlobalSection(SolutionProperties) = preSolution
		HideSolutionNode = FALSE
	EndGlobalSection
	GlobalSection(NestedProjects) = preSolution
		{D3A0AE0D-E4B6-4246-AA6B-D87967CC467D} = {F7B78C35-3D43-481D-9217-66EAFE31625A}
		{DEFBCE64-AD40-4A45-8A3C-415F9466EEA2} = {90C7CC41-E288-422F-A85B-0FD052EB3E70}
		{D6AC0999-4908-4E6A-B8D9-1F7FCE83C1F7} = {5AD890CA-913A-4F78-9BAD-524C2D0BAA9B}
		{74089D3F-0199-4C7E-B866-A6CC89F649D7} = {82403937-ABBB-45CB-B8CF-3AF45A8EFFC2}
		{82403937-ABBB-45CB-B8CF-3AF45A8EFFC2} = {5AD890CA-913A-4F78-9BAD-524C2D0BAA9B}
	EndGlobalSection
	GlobalSection(ExtensibilityGlobals) = postSolution
		SolutionGuid = {00BDF143-C55E-4F7F-88A3-1E9495362685}
	EndGlobalSection
EndGlobal
